// !$*UTF8*$!
{
	archiveVersion = 1;
	classes = {
	};
	objectVersion = 46;
	objects = {

/* Begin PBXBuildFile section */
		5535C21F1B456E36006917BB /* Launch Screen.xib in Resources */ = {isa = PBXBuildFile; fileRef = 5535C21E1B456E36006917BB /* Launch Screen.xib */; };
		5535C2241B457383006917BB /* DTScannerViewController.m in Sources */ = {isa = PBXBuildFile; fileRef = 5535C2231B457383006917BB /* DTScannerViewController.m */; };
		5535C2271B45739B006917BB /* DTGeneratorViewController.m in Sources */ = {isa = PBXBuildFile; fileRef = 5535C2261B45739B006917BB /* DTGeneratorViewController.m */; };
		5535C2361B457468006917BB /* AVCaptureDevice+Device.m in Sources */ = {isa = PBXBuildFile; fileRef = 5535C22C1B457468006917BB /* AVCaptureDevice+Device.m */; settings = {COMPILER_FLAGS = "-fno-objc-arc"; }; };
		5535C2371B457468006917BB /* DTBarcodeScannerController.m in Sources */ = {isa = PBXBuildFile; fileRef = 5535C22E1B457468006917BB /* DTBarcodeScannerController.m */; settings = {COMPILER_FLAGS = "-fno-objc-arc"; }; };
		5535C2391B457468006917BB /* DTFadeView.m in Sources */ = {isa = PBXBuildFile; fileRef = 5535C2311B457468006917BB /* DTFadeView.m */; settings = {COMPILER_FLAGS = "-fno-objc-arc"; }; };
		5535C23A1B457468006917BB /* DTLocalizableString.m in Sources */ = {isa = PBXBuildFile; fileRef = 5535C2331B457468006917BB /* DTLocalizableString.m */; settings = {COMPILER_FLAGS = "-fno-objc-arc"; }; };
		5535C23B1B457468006917BB /* UIImage+Bundle.m in Sources */ = {isa = PBXBuildFile; fileRef = 5535C2351B457468006917BB /* UIImage+Bundle.m */; settings = {COMPILER_FLAGS = "-fno-objc-arc"; }; };
		556CBE751B456BC3001A912C /* main.m in Sources */ = {isa = PBXBuildFile; fileRef = 556CBE741B456BC3001A912C /* main.m */; };
		556CBE781B456BC3001A912C /* AppDelegate.m in Sources */ = {isa = PBXBuildFile; fileRef = 556CBE771B456BC3001A912C /* AppDelegate.m */; };
		556CBE7E1B456BC3001A912C /* Main.storyboard in Resources */ = {isa = PBXBuildFile; fileRef = 556CBE7C1B456BC3001A912C /* Main.storyboard */; };
		556CBE801B456BC4001A912C /* Images.xcassets in Resources */ = {isa = PBXBuildFile; fileRef = 556CBE7F1B456BC4001A912C /* Images.xcassets */; };
		5589AB801BDA6C94006D0D17 /* DTQRCodeGenerator.m in Sources */ = {isa = PBXBuildFile; fileRef = 5589AB7F1BDA6C94006D0D17 /* DTQRCodeGenerator.m */; settings = {COMPILER_FLAGS = "-fno-objc-arc"; }; };
		5589AB821BDA6CEE006D0D17 /* DTBarcodeScanner.bundle in Resources */ = {isa = PBXBuildFile; fileRef = 5589AB811BDA6CEE006D0D17 /* DTBarcodeScanner.bundle */; };
/* End PBXBuildFile section */

/* Begin PBXFileReference section */
		5535C21E1B456E36006917BB /* Launch Screen.xib */ = {isa = PBXFileReference; fileEncoding = 4; lastKnownFileType = file.xib; path = "Launch Screen.xib"; sourceTree = "<group>"; };
		5535C2221B457383006917BB /* DTScannerViewController.h */ = {isa = PBXFileReference; fileEncoding = 4; lastKnownFileType = sourcecode.c.h; path = DTScannerViewController.h; sourceTree = "<group>"; };
		5535C2231B457383006917BB /* DTScannerViewController.m */ = {isa = PBXFileReference; fileEncoding = 4; lastKnownFileType = sourcecode.c.objc; path = DTScannerViewController.m; sourceTree = "<group>"; };
		5535C2251B45739B006917BB /* DTGeneratorViewController.h */ = {isa = PBXFileReference; fileEncoding = 4; lastKnownFileType = sourcecode.c.h; path = DTGeneratorViewController.h; sourceTree = "<group>"; };
		5535C2261B45739B006917BB /* DTGeneratorViewController.m */ = {isa = PBXFileReference; fileEncoding = 4; lastKnownFileType = sourcecode.c.objc; path = DTGeneratorViewController.m; sourceTree = "<group>"; };
		5535C22B1B457468006917BB /* AVCaptureDevice+Device.h */ = {isa = PBXFileReference; fileEncoding = 4; lastKnownFileType = sourcecode.c.h; path = "AVCaptureDevice+Device.h"; sourceTree = "<group>"; };
		5535C22C1B457468006917BB /* AVCaptureDevice+Device.m */ = {isa = PBXFileReference; fileEncoding = 4; lastKnownFileType = sourcecode.c.objc; path = "AVCaptureDevice+Device.m"; sourceTree = "<group>"; };
		5535C22D1B457468006917BB /* DTBarcodeScannerController.h */ = {isa = PBXFileReference; fileEncoding = 4; lastKnownFileType = sourcecode.c.h; path = DTBarcodeScannerController.h; sourceTree = "<group>"; };
		5535C22E1B457468006917BB /* DTBarcodeScannerController.m */ = {isa = PBXFileReference; fileEncoding = 4; lastKnownFileType = sourcecode.c.objc; path = DTBarcodeScannerController.m; sourceTree = "<group>"; };
		5535C2301B457468006917BB /* DTFadeView.h */ = {isa = PBXFileReference; fileEncoding = 4; lastKnownFileType = sourcecode.c.h; path = DTFadeView.h; sourceTree = "<group>"; };
		5535C2311B457468006917BB /* DTFadeView.m */ = {isa = PBXFileReference; fileEncoding = 4; lastKnownFileType = sourcecode.c.objc; path = DTFadeView.m; sourceTree = "<group>"; };
		5535C2321B457468006917BB /* DTLocalizableString.h */ = {isa = PBXFileReference; fileEncoding = 4; lastKnownFileType = sourcecode.c.h; path = DTLocalizableString.h; sourceTree = "<group>"; };
		5535C2331B457468006917BB /* DTLocalizableString.m */ = {isa = PBXFileReference; fileEncoding = 4; lastKnownFileType = sourcecode.c.objc; path = DTLocalizableString.m; sourceTree = "<group>"; };
		5535C2341B457468006917BB /* UIImage+Bundle.h */ = {isa = PBXFileReference; fileEncoding = 4; lastKnownFileType = sourcecode.c.h; path = "UIImage+Bundle.h"; sourceTree = "<group>"; };
		5535C2351B457468006917BB /* UIImage+Bundle.m */ = {isa = PBXFileReference; fileEncoding = 4; lastKnownFileType = sourcecode.c.objc; path = "UIImage+Bundle.m"; sourceTree = "<group>"; };
		556CBE6F1B456BC3001A912C /* Barcode Scanner & Generator.app */ = {isa = PBXFileReference; explicitFileType = wrapper.application; includeInIndex = 0; path = "Barcode Scanner & Generator.app"; sourceTree = BUILT_PRODUCTS_DIR; };
		556CBE731B456BC3001A912C /* Info.plist */ = {isa = PBXFileReference; lastKnownFileType = text.plist.xml; path = Info.plist; sourceTree = "<group>"; };
		556CBE741B456BC3001A912C /* main.m */ = {isa = PBXFileReference; lastKnownFileType = sourcecode.c.objc; path = main.m; sourceTree = "<group>"; };
		556CBE761B456BC3001A912C /* AppDelegate.h */ = {isa = PBXFileReference; lastKnownFileType = sourcecode.c.h; path = AppDelegate.h; sourceTree = "<group>"; };
		556CBE771B456BC3001A912C /* AppDelegate.m */ = {isa = PBXFileReference; lastKnownFileType = sourcecode.c.objc; path = AppDelegate.m; sourceTree = "<group>"; };
		556CBE7D1B456BC3001A912C /* Base */ = {isa = PBXFileReference; lastKnownFileType = file.storyboard; name = Base; path = Base.lproj/Main.storyboard; sourceTree = "<group>"; };
		556CBE7F1B456BC4001A912C /* Images.xcassets */ = {isa = PBXFileReference; lastKnownFileType = folder.assetcatalog; path = Images.xcassets; sourceTree = "<group>"; };
		5589AB7E1BDA6C94006D0D17 /* DTQRCodeGenerator.h */ = {isa = PBXFileReference; fileEncoding = 4; lastKnownFileType = sourcecode.c.h; name = DTQRCodeGenerator.h; path = DTQRCodeGenerator/DTQRCodeGenerator.h; sourceTree = "<group>"; };
		5589AB7F1BDA6C94006D0D17 /* DTQRCodeGenerator.m */ = {isa = PBXFileReference; fileEncoding = 4; lastKnownFileType = sourcecode.c.objc; name = DTQRCodeGenerator.m; path = DTQRCodeGenerator/DTQRCodeGenerator.m; sourceTree = "<group>"; };
		5589AB811BDA6CEE006D0D17 /* DTBarcodeScanner.bundle */ = {isa = PBXFileReference; lastKnownFileType = "wrapper.plug-in"; path = DTBarcodeScanner.bundle; sourceTree = "<group>"; };
/* End PBXFileReference section */

/* Begin PBXFrameworksBuildPhase section */
		556CBE6C1B456BC3001A912C /* Frameworks */ = {
			isa = PBXFrameworksBuildPhase;
			buildActionMask = 2147483647;
			files = (
			);
			runOnlyForDeploymentPostprocessing = 0;
		};
/* End PBXFrameworksBuildPhase section */

/* Begin PBXGroup section */
		5535C22A1B457468006917BB /* DTBarcodeScanner */ = {
			isa = PBXGroup;
			children = (
				5535C2341B457468006917BB /* UIImage+Bundle.h */,
				5535C2351B457468006917BB /* UIImage+Bundle.m */,
				5535C22B1B457468006917BB /* AVCaptureDevice+Device.h */,
				5535C22C1B457468006917BB /* AVCaptureDevice+Device.m */,
				5535C22D1B457468006917BB /* DTBarcodeScannerController.h */,
				5535C22E1B457468006917BB /* DTBarcodeScannerController.m */,
				5535C2301B457468006917BB /* DTFadeView.h */,
				5535C2311B457468006917BB /* DTFadeView.m */,
				5535C2321B457468006917BB /* DTLocalizableString.h */,
				5535C2331B457468006917BB /* DTLocalizableString.m */,
				5589AB811BDA6CEE006D0D17 /* DTBarcodeScanner.bundle */,
			);
			path = DTBarcodeScanner;
			sourceTree = "<group>";
		};
		556CBE661B456BC3001A912C = {
			isa = PBXGroup;
			children = (
				556CBE711B456BC3001A912C /* Barcode Scanner & Generator */,
				556CBE701B456BC3001A912C /* Products */,
			);
			sourceTree = "<group>";
		};
		556CBE701B456BC3001A912C /* Products */ = {
			isa = PBXGroup;
			children = (
				556CBE6F1B456BC3001A912C /* Barcode Scanner & Generator.app */,
			);
			name = Products;
			sourceTree = "<group>";
		};
		556CBE711B456BC3001A912C /* Barcode Scanner & Generator */ = {
			isa = PBXGroup;
			children = (
				5589AB7D1BDA6C33006D0D17 /* DTQRCodeGenerator */,
				5535C22A1B457468006917BB /* DTBarcodeScanner */,
				556CBE761B456BC3001A912C /* AppDelegate.h */,
				556CBE771B456BC3001A912C /* AppDelegate.m */,
				5535C2221B457383006917BB /* DTScannerViewController.h */,
				5535C2231B457383006917BB /* DTScannerViewController.m */,
				5535C2251B45739B006917BB /* DTGeneratorViewController.h */,
				5535C2261B45739B006917BB /* DTGeneratorViewController.m */,
				556CBE7C1B456BC3001A912C /* Main.storyboard */,
				556CBE7F1B456BC4001A912C /* Images.xcassets */,
				5535C21E1B456E36006917BB /* Launch Screen.xib */,
				556CBE721B456BC3001A912C /* Supporting Files */,
			);
			path = "Barcode Scanner & Generator";
			sourceTree = "<group>";
		};
		556CBE721B456BC3001A912C /* Supporting Files */ = {
			isa = PBXGroup;
			children = (
				556CBE731B456BC3001A912C /* Info.plist */,
				556CBE741B456BC3001A912C /* main.m */,
			);
			name = "Supporting Files";
			sourceTree = "<group>";
		};
		5589AB7D1BDA6C33006D0D17 /* DTQRCodeGenerator */ = {
			isa = PBXGroup;
			children = (
				5589AB7E1BDA6C94006D0D17 /* DTQRCodeGenerator.h */,
				5589AB7F1BDA6C94006D0D17 /* DTQRCodeGenerator.m */,
			);
			name = DTQRCodeGenerator;
			sourceTree = "<group>";
		};
/* End PBXGroup section */

/* Begin PBXNativeTarget section */
		556CBE6E1B456BC3001A912C /* Barcode Scanner & Generator */ = {
			isa = PBXNativeTarget;
			buildConfigurationList = 556CBE921B456BC4001A912C /* Build configuration list for PBXNativeTarget "Barcode Scanner & Generator" */;
			buildPhases = (
				556CBE6B1B456BC3001A912C /* Sources */,
				556CBE6C1B456BC3001A912C /* Frameworks */,
				556CBE6D1B456BC3001A912C /* Resources */,
			);
			buildRules = (
			);
			dependencies = (
			);
			name = "Barcode Scanner & Generator";
			productName = "Barcode Scanner & Generator";
			productReference = 556CBE6F1B456BC3001A912C /* Barcode Scanner & Generator.app */;
			productType = "com.apple.product-type.application";
		};
/* End PBXNativeTarget section */

/* Begin PBXProject section */
		556CBE671B456BC3001A912C /* Project object */ = {
			isa = PBXProject;
			attributes = {
				CLASSPREFIX = DT;
				LastUpgradeCheck = 0730;
				ORGANIZATIONNAME = Darktt;
				TargetAttributes = {
					556CBE6E1B456BC3001A912C = {
						CreatedOnToolsVersion = 6.4;
					};
				};
			};
			buildConfigurationList = 556CBE6A1B456BC3001A912C /* Build configuration list for PBXProject "Barcode Scanner & Generator" */;
			compatibilityVersion = "Xcode 3.2";
			developmentRegion = English;
			hasScannedForEncodings = 0;
			knownRegions = (
				en,
				Base,
			);
			mainGroup = 556CBE661B456BC3001A912C;
			productRefGroup = 556CBE701B456BC3001A912C /* Products */;
			projectDirPath = "";
			projectRoot = "";
			targets = (
				556CBE6E1B456BC3001A912C /* Barcode Scanner & Generator */,
			);
		};
/* End PBXProject section */

/* Begin PBXResourcesBuildPhase section */
		556CBE6D1B456BC3001A912C /* Resources */ = {
			isa = PBXResourcesBuildPhase;
			buildActionMask = 2147483647;
			files = (
				556CBE7E1B456BC3001A912C /* Main.storyboard in Resources */,
				5589AB821BDA6CEE006D0D17 /* DTBarcodeScanner.bundle in Resources */,
				556CBE801B456BC4001A912C /* Images.xcassets in Resources */,
				5535C21F1B456E36006917BB /* Launch Screen.xib in Resources */,
			);
			runOnlyForDeploymentPostprocessing = 0;
		};
/* End PBXResourcesBuildPhase section */

/* Begin PBXSourcesBuildPhase section */
		556CBE6B1B456BC3001A912C /* Sources */ = {
			isa = PBXSourcesBuildPhase;
			buildActionMask = 2147483647;
			files = (
				5535C2391B457468006917BB /* DTFadeView.m in Sources */,
				5535C23A1B457468006917BB /* DTLocalizableString.m in Sources */,
				5535C2361B457468006917BB /* AVCaptureDevice+Device.m in Sources */,
				5535C2271B45739B006917BB /* DTGeneratorViewController.m in Sources */,
				556CBE781B456BC3001A912C /* AppDelegate.m in Sources */,
				5589AB801BDA6C94006D0D17 /* DTQRCodeGenerator.m in Sources */,
				5535C23B1B457468006917BB /* UIImage+Bundle.m in Sources */,
				5535C2241B457383006917BB /* DTScannerViewController.m in Sources */,
				556CBE751B456BC3001A912C /* main.m in Sources */,
				5535C2371B457468006917BB /* DTBarcodeScannerController.m in Sources */,
			);
			runOnlyForDeploymentPostprocessing = 0;
		};
/* End PBXSourcesBuildPhase section */

/* Begin PBXVariantGroup section */
		556CBE7C1B456BC3001A912C /* Main.storyboard */ = {
			isa = PBXVariantGroup;
			children = (
				556CBE7D1B456BC3001A912C /* Base */,
			);
			name = Main.storyboard;
			sourceTree = "<group>";
		};
/* End PBXVariantGroup section */

/* Begin XCBuildConfiguration section */
		556CBE901B456BC4001A912C /* Debug */ = {
			isa = XCBuildConfiguration;
			buildSettings = {
				ALWAYS_SEARCH_USER_PATHS = NO;
				CLANG_CXX_LANGUAGE_STANDARD = "gnu++0x";
				CLANG_CXX_LIBRARY = "libc++";
				CLANG_ENABLE_MODULES = YES;
				CLANG_ENABLE_OBJC_ARC = YES;
				CLANG_WARN_BOOL_CONVERSION = YES;
				CLANG_WARN_CONSTANT_CONVERSION = YES;
				CLANG_WARN_DIRECT_OBJC_ISA_USAGE = YES_ERROR;
				CLANG_WARN_EMPTY_BODY = YES;
				CLANG_WARN_ENUM_CONVERSION = YES;
				CLANG_WARN_INT_CONVERSION = YES;
				CLANG_WARN_OBJC_ROOT_CLASS = YES_ERROR;
				CLANG_WARN_UNREACHABLE_CODE = YES;
				CLANG_WARN__DUPLICATE_METHOD_MATCH = YES;
				"CODE_SIGN_IDENTITY[sdk=iphoneos*]" = "iPhone Developer";
				COPY_PHASE_STRIP = NO;
				DEBUG_INFORMATION_FORMAT = "dwarf-with-dsym";
				ENABLE_STRICT_OBJC_MSGSEND = YES;
				ENABLE_TESTABILITY = YES;
				GCC_C_LANGUAGE_STANDARD = gnu99;
				GCC_DYNAMIC_NO_PIC = NO;
				GCC_NO_COMMON_BLOCKS = YES;
				GCC_OPTIMIZATION_LEVEL = 0;
				GCC_PREPROCESSOR_DEFINITIONS = (
					"DEBUG=1",
					"$(inherited)",
				);
				GCC_SYMBOLS_PRIVATE_EXTERN = NO;
				GCC_WARN_64_TO_32_BIT_CONVERSION = YES;
				GCC_WARN_ABOUT_RETURN_TYPE = YES_ERROR;
				GCC_WARN_UNDECLARED_SELECTOR = YES;
				GCC_WARN_UNINITIALIZED_AUTOS = YES_AGGRESSIVE;
				GCC_WARN_UNUSED_FUNCTION = YES;
				GCC_WARN_UNUSED_VARIABLE = YES;
				IPHONEOS_DEPLOYMENT_TARGET = 8.4;
				MTL_ENABLE_DEBUG_INFO = YES;
				ONLY_ACTIVE_ARCH = YES;
				SDKROOT = iphoneos;
				TARGETED_DEVICE_FAMILY = 2;
			};
			name = Debug;
		};
		556CBE911B456BC4001A912C /* Release */ = {
			isa = XCBuildConfiguration;
			buildSettings = {
				ALWAYS_SEARCH_USER_PATHS = NO;
				CLANG_CXX_LANGUAGE_STANDARD = "gnu++0x";
				CLANG_CXX_LIBRARY = "libc++";
				CLANG_ENABLE_MODULES = YES;
				CLANG_ENABLE_OBJC_ARC = YES;
				CLANG_WARN_BOOL_CONVERSION = YES;
				CLANG_WARN_CONSTANT_CONVERSION = YES;
				CLANG_WARN_DIRECT_OBJC_ISA_USAGE = YES_ERROR;
				CLANG_WARN_EMPTY_BODY = YES;
				CLANG_WARN_ENUM_CONVERSION = YES;
				CLANG_WARN_INT_CONVERSION = YES;
				CLANG_WARN_OBJC_ROOT_CLASS = YES_ERROR;
				CLANG_WARN_UNREACHABLE_CODE = YES;
				CLANG_WARN__DUPLICATE_METHOD_MATCH = YES;
				"CODE_SIGN_IDENTITY[sdk=iphoneos*]" = "iPhone Developer";
				COPY_PHASE_STRIP = NO;
				DEBUG_INFORMATION_FORMAT = "dwarf-with-dsym";
				ENABLE_NS_ASSERTIONS = NO;
				ENABLE_STRICT_OBJC_MSGSEND = YES;
				GCC_C_LANGUAGE_STANDARD = gnu99;
				GCC_NO_COMMON_BLOCKS = YES;
				GCC_WARN_64_TO_32_BIT_CONVERSION = YES;
				GCC_WARN_ABOUT_RETURN_TYPE = YES_ERROR;
				GCC_WARN_UNDECLARED_SELECTOR = YES;
				GCC_WARN_UNINITIALIZED_AUTOS = YES_AGGRESSIVE;
				GCC_WARN_UNUSED_FUNCTION = YES;
				GCC_WARN_UNUSED_VARIABLE = YES;
				IPHONEOS_DEPLOYMENT_TARGET = 8.4;
				MTL_ENABLE_DEBUG_INFO = NO;
				SDKROOT = iphoneos;
				TARGETED_DEVICE_FAMILY = 2;
				VALIDATE_PRODUCT = YES;
			};
			name = Release;
		};
		556CBE931B456BC4001A912C /* Debug */ = {
			isa = XCBuildConfiguration;
			buildSettings = {
				ASSETCATALOG_COMPILER_APPICON_NAME = AppIcon;
				INFOPLIST_FILE = "Barcode Scanner & Generator/Info.plist";
				IPHONEOS_DEPLOYMENT_TARGET = 8.0;
				LD_RUNPATH_SEARCH_PATHS = "$(inherited) @executable_path/Frameworks";
				PRODUCT_BUNDLE_IDENTIFIER = com.darktt.barcode;
				PRODUCT_NAME = "$(TARGET_NAME)";
				TARGETED_DEVICE_FAMILY = "1,2";
			};
			name = Debug;
		};
		556CBE941B456BC4001A912C /* Release */ = {
			isa = XCBuildConfiguration;
			buildSettings = {
				ASSETCATALOG_COMPILER_APPICON_NAME = AppIcon;
				INFOPLIST_FILE = "Barcode Scanner & Generator/Info.plist";
				IPHONEOS_DEPLOYMENT_TARGET = 8.0;
				LD_RUNPATH_SEARCH_PATHS = "$(inherited) @executable_path/Frameworks";
				PRODUCT_BUNDLE_IDENTIFIER = com.darktt.barcode;
				PRODUCT_NAME = "$(TARGET_NAME)";
				TARGETED_DEVICE_FAMILY = "1,2";
			};
			name = Release;
		};
/* End XCBuildConfiguration section */

/* Begin XCConfigurationList section */
		556CBE6A1B456BC3001A912C /* Build configuration list for PBXProject "Barcode Scanner & Generator" */ = {
			isa = XCConfigurationList;
			buildConfigurations = (
				556CBE901B456BC4001A912C /* Debug */,
				556CBE911B456BC4001A912C /* Release */,
			);
			defaultConfigurationIsVisible = 0;
			defaultConfigurationName = Release;
		};
		556CBE921B456BC4001A912C /* Build configuration list for PBXNativeTarget "Barcode Scanner & Generator" */ = {
			isa = XCConfigurationList;
			buildConfigurations = (
				556CBE931B456BC4001A912C /* Debug */,
				556CBE941B456BC4001A912C /* Release */,
			);
			defaultConfigurationIsVisible = 0;
			defaultConfigurationName = Release;
		};
/* End XCConfigurationList section */
	};
	rootObject = 556CBE671B456BC3001A912C /* Project object */;
}
